
Microsoft Visual Studio Solution File, Format Version 12.00
# Visual Studio Version 16
VisualStudioVersion = 16.0.30611.23
MinimumVisualStudioVersion = 10.0.40219.1
Project("{8BC9CEB8-8B4A-11D0-8D11-00A0C91BC942}") = "Lab5", "Lab5.vcxproj", "{D67BBDE7-7335-4980-BBB7-3E30E060FFA5}"
EndProject
Global
	GlobalSection(SolutionConfigurationPlatforms) = preSolution
		Debug|x64 = Debug|x64
		Debug|x86 = Debug|x86
		Release|x64 = Release|x64
		Release|x86 = Release|x86
	EndGlobalSection
	GlobalSection(ProjectConfigurationPlatforms) = postSolution
		{D67BBDE7-7335-4980-BBB7-3E30E060FFA5}.Debug|x64.ActiveCfg = Debug|x64
		{D67BBDE7-7335-4980-BBB7-3E30E060FFA5}.Debug|x64.Build.0 = Debug|x64
		{D67BBDE7-7335-4980-BBB7-3E30E060FFA5}.Debug|x86.ActiveCfg = Debug|Win32
		{D67BBDE7-7335-4980-BBB7-3E30E060FFA5}.Debug|x86.Build.0 = Debug|Win32
		{D67BBDE7-7335-4980-BBB7-3E30E060FFA5}.Release|x64.ActiveCfg = Release|x64
		{D67BBDE7-7335-4980-BBB7-3E30E060FFA5}.Release|x64.Build.0 = Release|x64
		{D67BBDE7-7335-4980-BBB7-3E30E060FFA5}.Release|x86.ActiveCfg = Release|Win32
		{D67BBDE7-7335-4980-BBB7-3E30E060FFA5}.Release|x86.Build.0 = Release|Win32
	EndGlobalSection
	GlobalSection(SolutionProperties) = preSolution
		HideSolutionNode = FALSE
	EndGlobalSection
	GlobalSection(ExtensibilityGlobals) = postSolution
		SolutionGuid = {7B2D08F7-5475-4EF5-8EA4-85B6ED689E68}
	EndGlobalSection
EndGlobal
